// !$*UTF8*$!
{
	archiveVersion = 1;
	classes = {
	};
	objectVersion = 56;
	objects = {

/* Begin PBXBuildFile section */
		043AE53929EC4BD0003C05A1 /* VC.swift in Sources */ = {isa = PBXBuildFile; fileRef = 043AE53829EC4BD0003C05A1 /* VC.swift */; };
		043AE53B29ED788E003C05A1 /* TabBar.swift in Sources */ = {isa = PBXBuildFile; fileRef = 043AE53A29ED788E003C05A1 /* TabBar.swift */; };
		04958E1329EB49DF0078D377 /* PostModel.swift in Sources */ = {isa = PBXBuildFile; fileRef = 04958E1229EB49DF0078D377 /* PostModel.swift */; };
		04958E1529EB4A750078D377 /* PostTableViewCell.swift in Sources */ = {isa = PBXBuildFile; fileRef = 04958E1429EB4A750078D377 /* PostTableViewCell.swift */; };
		04B4AC5E29D5FBA0005480CE /* AppDelegate.swift in Sources */ = {isa = PBXBuildFile; fileRef = 04B4AC5D29D5FBA0005480CE /* AppDelegate.swift */; };
		04B4AC6029D5FBA0005480CE /* SceneDelegate.swift in Sources */ = {isa = PBXBuildFile; fileRef = 04B4AC5F29D5FBA0005480CE /* SceneDelegate.swift */; };
		04B4AC6729D5FBA1005480CE /* Assets.xcassets in Resources */ = {isa = PBXBuildFile; fileRef = 04B4AC6629D5FBA1005480CE /* Assets.xcassets */; };
		04B4AC6A29D5FBA1005480CE /* LaunchScreen.storyboard in Resources */ = {isa = PBXBuildFile; fileRef = 04B4AC6829D5FBA1005480CE /* LaunchScreen.storyboard */; };
		04B4AC7A29D5FD78005480CE /* Extension.swift in Sources */ = {isa = PBXBuildFile; fileRef = 04B4AC7929D5FD78005480CE /* Extension.swift */; };
		04DEE34D29D6001B0051CF0D /* ProfileViewController.swift in Sources */ = {isa = PBXBuildFile; fileRef = 04DEE34C29D6001B0051CF0D /* ProfileViewController.swift */; };
		04DEE34F29D600440051CF0D /* ProfileHeaderView.swift in Sources */ = {isa = PBXBuildFile; fileRef = 04DEE34E29D600430051CF0D /* ProfileHeaderView.swift */; };
		04E203F029D9DF2900F4367F /* PhotosCollectionViewCell.swift in Sources */ = {isa = PBXBuildFile; fileRef = 04E203EF29D9DF2900F4367F /* PhotosCollectionViewCell.swift */; };
		04E203F229D9DF5900F4367F /* PhotosTableViewCell.swift in Sources */ = {isa = PBXBuildFile; fileRef = 04E203F129D9DF5900F4367F /* PhotosTableViewCell.swift */; };
		04E203F429D9DF7F00F4367F /* PhotosViewController.swift in Sources */ = {isa = PBXBuildFile; fileRef = 04E203F329D9DF7F00F4367F /* PhotosViewController.swift */; };
		04E203F629D9DFB000F4367F /* Photos.swift in Sources */ = {isa = PBXBuildFile; fileRef = 04E203F529D9DFB000F4367F /* Photos.swift */; };
/* End PBXBuildFile section */

/* Begin PBXFileReference section */
		043AE53829EC4BD0003C05A1 /* VC.swift */ = {isa = PBXFileReference; lastKnownFileType = sourcecode.swift; path = VC.swift; sourceTree = "<group>"; };
		043AE53A29ED788E003C05A1 /* TabBar.swift */ = {isa = PBXFileReference; lastKnownFileType = sourcecode.swift; path = TabBar.swift; sourceTree = "<group>"; };
		04958E1229EB49DF0078D377 /* PostModel.swift */ = {isa = PBXFileReference; lastKnownFileType = sourcecode.swift; path = PostModel.swift; sourceTree = "<group>"; };
		04958E1429EB4A750078D377 /* PostTableViewCell.swift */ = {isa = PBXFileReference; lastKnownFileType = sourcecode.swift; path = PostTableViewCell.swift; sourceTree = "<group>"; };
		04B4AC5A29D5FBA0005480CE /* AnalysisDZ.app */ = {isa = PBXFileReference; explicitFileType = wrapper.application; includeInIndex = 0; path = AnalysisDZ.app; sourceTree = BUILT_PRODUCTS_DIR; };
		04B4AC5D29D5FBA0005480CE /* AppDelegate.swift */ = {isa = PBXFileReference; lastKnownFileType = sourcecode.swift; path = AppDelegate.swift; sourceTree = "<group>"; };
		04B4AC5F29D5FBA0005480CE /* SceneDelegate.swift */ = {isa = PBXFileReference; lastKnownFileType = sourcecode.swift; path = SceneDelegate.swift; sourceTree = "<group>"; };
		04B4AC6629D5FBA1005480CE /* Assets.xcassets */ = {isa = PBXFileReference; lastKnownFileType = folder.assetcatalog; path = Assets.xcassets; sourceTree = "<group>"; };
		04B4AC6929D5FBA1005480CE /* Base */ = {isa = PBXFileReference; lastKnownFileType = file.storyboard; name = Base; path = Base.lproj/LaunchScreen.storyboard; sourceTree = "<group>"; };
		04B4AC6B29D5FBA1005480CE /* Info.plist */ = {isa = PBXFileReference; lastKnownFileType = text.plist.xml; path = Info.plist; sourceTree = "<group>"; };
		04B4AC7929D5FD78005480CE /* Extension.swift */ = {isa = PBXFileReference; lastKnownFileType = sourcecode.swift; path = Extension.swift; sourceTree = "<group>"; };
		04DEE34C29D6001B0051CF0D /* ProfileViewController.swift */ = {isa = PBXFileReference; lastKnownFileType = sourcecode.swift; path = ProfileViewController.swift; sourceTree = "<group>"; };
		04DEE34E29D600430051CF0D /* ProfileHeaderView.swift */ = {isa = PBXFileReference; lastKnownFileType = sourcecode.swift; path = ProfileHeaderView.swift; sourceTree = "<group>"; };
		04E203EF29D9DF2900F4367F /* PhotosCollectionViewCell.swift */ = {isa = PBXFileReference; lastKnownFileType = sourcecode.swift; path = PhotosCollectionViewCell.swift; sourceTree = "<group>"; };
		04E203F129D9DF5900F4367F /* PhotosTableViewCell.swift */ = {isa = PBXFileReference; lastKnownFileType = sourcecode.swift; path = PhotosTableViewCell.swift; sourceTree = "<group>"; };
		04E203F329D9DF7F00F4367F /* PhotosViewController.swift */ = {isa = PBXFileReference; lastKnownFileType = sourcecode.swift; path = PhotosViewController.swift; sourceTree = "<group>"; };
		04E203F529D9DFB000F4367F /* Photos.swift */ = {isa = PBXFileReference; lastKnownFileType = sourcecode.swift; path = Photos.swift; sourceTree = "<group>"; };
/* End PBXFileReference section */

/* Begin PBXFrameworksBuildPhase section */
		04B4AC5729D5FBA0005480CE /* Frameworks */ = {
			isa = PBXFrameworksBuildPhase;
			buildActionMask = 2147483647;
			files = (
			);
			runOnlyForDeploymentPostprocessing = 0;
		};
/* End PBXFrameworksBuildPhase section */

/* Begin PBXGroup section */
		04B4AC5129D5FB9F005480CE = {
			isa = PBXGroup;
			children = (
				04B4AC5C29D5FBA0005480CE /* AnalysisDZ */,
				04B4AC5B29D5FBA0005480CE /* Products */,
			);
			sourceTree = "<group>";
		};
		04B4AC5B29D5FBA0005480CE /* Products */ = {
			isa = PBXGroup;
			children = (
				04B4AC5A29D5FBA0005480CE /* AnalysisDZ.app */,
			);
			name = Products;
			sourceTree = "<group>";
		};
		04B4AC5C29D5FBA0005480CE /* AnalysisDZ */ = {
			isa = PBXGroup;
			children = (
				04B4AC7129D5FBF4005480CE /* Collection  */,
				04B4AC7329D5FC13005480CE /* Profile */,
				04B4AC7429D5FC33005480CE /* Other */,
				04B4AC6B29D5FBA1005480CE /* Info.plist */,
			);
			path = AnalysisDZ;
			sourceTree = "<group>";
		};
		04B4AC7129D5FBF4005480CE /* Collection  */ = {
			isa = PBXGroup;
			children = (
				04E203F329D9DF7F00F4367F /* PhotosViewController.swift */,
				04E203EF29D9DF2900F4367F /* PhotosCollectionViewCell.swift */,
				04E203F129D9DF5900F4367F /* PhotosTableViewCell.swift */,
				04E203F529D9DFB000F4367F /* Photos.swift */,
			);
			name = "Collection ";
			sourceTree = "<group>";
		};
		04B4AC7329D5FC13005480CE /* Profile */ = {
			isa = PBXGroup;
			children = (
				04DEE34C29D6001B0051CF0D /* ProfileViewController.swift */,
				043AE53829EC4BD0003C05A1 /* VC.swift */,
				04DEE34E29D600430051CF0D /* ProfileHeaderView.swift */,
				04958E1429EB4A750078D377 /* PostTableViewCell.swift */,
				04958E1229EB49DF0078D377 /* PostModel.swift */,
			);
			name = Profile;
			sourceTree = "<group>";
		};
		04B4AC7429D5FC33005480CE /* Other */ = {
			isa = PBXGroup;
			children = (
				04B4AC5D29D5FBA0005480CE /* AppDelegate.swift */,
				04B4AC7929D5FD78005480CE /* Extension.swift */,
				04B4AC5F29D5FBA0005480CE /* SceneDelegate.swift */,
				04B4AC6629D5FBA1005480CE /* Assets.xcassets */,
				04B4AC6829D5FBA1005480CE /* LaunchScreen.storyboard */,
				043AE53A29ED788E003C05A1 /* TabBar.swift */,
			);
			name = Other;
			path = ..;
			sourceTree = "<group>";
		};
/* End PBXGroup section */

/* Begin PBXNativeTarget section */
		04B4AC5929D5FBA0005480CE /* AnalysisDZ */ = {
			isa = PBXNativeTarget;
			buildConfigurationList = 04B4AC6E29D5FBA1005480CE /* Build configuration list for PBXNativeTarget "AnalysisDZ" */;
			buildPhases = (
				04B4AC5629D5FBA0005480CE /* Sources */,
				04B4AC5729D5FBA0005480CE /* Frameworks */,
				04B4AC5829D5FBA0005480CE /* Resources */,
			);
			buildRules = (
			);
			dependencies = (
			);
			name = AnalysisDZ;
			productName = AnalysisDZ;
			productReference = 04B4AC5A29D5FBA0005480CE /* AnalysisDZ.app */;
			productType = "com.apple.product-type.application";
		};
/* End PBXNativeTarget section */

/* Begin PBXProject section */
		04B4AC5229D5FB9F005480CE /* Project object */ = {
			isa = PBXProject;
			attributes = {
				BuildIndependentTargetsInParallel = 1;
				LastSwiftUpdateCheck = 1420;
				LastUpgradeCheck = 1420;
				TargetAttributes = {
					04B4AC5929D5FBA0005480CE = {
						CreatedOnToolsVersion = 14.2;
					};
				};
			};
			buildConfigurationList = 04B4AC5529D5FBA0005480CE /* Build configuration list for PBXProject "AnalysisDZ" */;
			compatibilityVersion = "Xcode 14.0";
			developmentRegion = en;
			hasScannedForEncodings = 0;
			knownRegions = (
				en,
				Base,
			);
			mainGroup = 04B4AC5129D5FB9F005480CE;
			productRefGroup = 04B4AC5B29D5FBA0005480CE /* Products */;
			projectDirPath = "";
			projectRoot = "";
			targets = (
				04B4AC5929D5FBA0005480CE /* AnalysisDZ */,
			);
		};
/* End PBXProject section */

/* Begin PBXResourcesBuildPhase section */
		04B4AC5829D5FBA0005480CE /* Resources */ = {
			isa = PBXResourcesBuildPhase;
			buildActionMask = 2147483647;
			files = (
				04B4AC6A29D5FBA1005480CE /* LaunchScreen.storyboard in Resources */,
				04B4AC6729D5FBA1005480CE /* Assets.xcassets in Resources */,
			);
			runOnlyForDeploymentPostprocessing = 0;
		};
/* End PBXResourcesBuildPhase section */

/* Begin PBXSourcesBuildPhase section */
		04B4AC5629D5FBA0005480CE /* Sources */ = {
			isa = PBXSourcesBuildPhase;
			buildActionMask = 2147483647;
			files = (
				04E203F629D9DFB000F4367F /* Photos.swift in Sources */,
				04E203F229D9DF5900F4367F /* PhotosTableViewCell.swift in Sources */,
				04E203F429D9DF7F00F4367F /* PhotosViewController.swift in Sources */,
				04958E1329EB49DF0078D377 /* PostModel.swift in Sources */,
				04E203F029D9DF2900F4367F /* PhotosCollectionViewCell.swift in Sources */,
				04958E1529EB4A750078D377 /* PostTableViewCell.swift in Sources */,
				04B4AC5E29D5FBA0005480CE /* AppDelegate.swift in Sources */,
				04B4AC7A29D5FD78005480CE /* Extension.swift in Sources */,
				043AE53929EC4BD0003C05A1 /* VC.swift in Sources */,
				043AE53B29ED788E003C05A1 /* TabBar.swift in Sources */,
				04DEE34D29D6001B0051CF0D /* ProfileViewController.swift in Sources */,
				04B4AC6029D5FBA0005480CE /* SceneDelegate.swift in Sources */,
				04DEE34F29D600440051CF0D /* ProfileHeaderView.swift in Sources */,
			);
			runOnlyForDeploymentPostprocessing = 0;
		};
/* End PBXSourcesBuildPhase section */

/* Begin PBXVariantGroup section */
		04B4AC6829D5FBA1005480CE /* LaunchScreen.storyboard */ = {
			isa = PBXVariantGroup;
			children = (
				04B4AC6929D5FBA1005480CE /* Base */,
			);
			name = LaunchScreen.storyboard;
			sourceTree = "<group>";
		};
/* End PBXVariantGroup section */

/* Begin XCBuildConfiguration section */
		04B4AC6C29D5FBA1005480CE /* Debug */ = {
			isa = XCBuildConfiguration;
			buildSettings = {
				ALWAYS_SEARCH_USER_PATHS = NO;
				CLANG_ANALYZER_NONNULL = YES;
				CLANG_ANALYZER_NUMBER_OBJECT_CONVERSION = YES_AGGRESSIVE;
				CLANG_CXX_LANGUAGE_STANDARD = "gnu++20";
				CLANG_ENABLE_MODULES = YES;
				CLANG_ENABLE_OBJC_ARC = YES;
				CLANG_ENABLE_OBJC_WEAK = YES;
				CLANG_WARN_BLOCK_CAPTURE_AUTORELEASING = YES;
				CLANG_WARN_BOOL_CONVERSION = YES;
				CLANG_WARN_COMMA = YES;
				CLANG_WARN_CONSTANT_CONVERSION = YES;
				CLANG_WARN_DEPRECATED_OBJC_IMPLEMENTATIONS = YES;
				CLANG_WARN_DIRECT_OBJC_ISA_USAGE = YES_ERROR;
				CLANG_WARN_DOCUMENTATION_COMMENTS = YES;
				CLANG_WARN_EMPTY_BODY = YES;
				CLANG_WARN_ENUM_CONVERSION = YES;
				CLANG_WARN_INFINITE_RECURSION = YES;
				CLANG_WARN_INT_CONVERSION = YES;
				CLANG_WARN_NON_LITERAL_NULL_CONVERSION = YES;
				CLANG_WARN_OBJC_IMPLICIT_RETAIN_SELF = YES;
				CLANG_WARN_OBJC_LITERAL_CONVERSION = YES;
				CLANG_WARN_OBJC_ROOT_CLASS = YES_ERROR;
				CLANG_WARN_QUOTED_INCLUDE_IN_FRAMEWORK_HEADER = YES;
				CLANG_WARN_RANGE_LOOP_ANALYSIS = YES;
				CLANG_WARN_STRICT_PROTOTYPES = YES;
				CLANG_WARN_SUSPICIOUS_MOVE = YES;
				CLANG_WARN_UNGUARDED_AVAILABILITY = YES_AGGRESSIVE;
				CLANG_WARN_UNREACHABLE_CODE = YES;
				CLANG_WARN__DUPLICATE_METHOD_MATCH = YES;
				COPY_PHASE_STRIP = NO;
				DEBUG_INFORMATION_FORMAT = dwarf;
				ENABLE_STRICT_OBJC_MSGSEND = YES;
				ENABLE_TESTABILITY = YES;
				GCC_C_LANGUAGE_STANDARD = gnu11;
				GCC_DYNAMIC_NO_PIC = NO;
				GCC_NO_COMMON_BLOCKS = YES;
				GCC_OPTIMIZATION_LEVEL = 0;
				GCC_PREPROCESSOR_DEFINITIONS = (
					"DEBUG=1",
					"$(inherited)",
				);
				GCC_WARN_64_TO_32_BIT_CONVERSION = YES;
				GCC_WARN_ABOUT_RETURN_TYPE = YES_ERROR;
				GCC_WARN_UNDECLARED_SELECTOR = YES;
				GCC_WARN_UNINITIALIZED_AUTOS = YES_AGGRESSIVE;
				GCC_WARN_UNUSED_FUNCTION = YES;
				GCC_WARN_UNUSED_VARIABLE = YES;
				IPHONEOS_DEPLOYMENT_TARGET = 16.2;
				MTL_ENABLE_DEBUG_INFO = INCLUDE_SOURCE;
				MTL_FAST_MATH = YES;
				ONLY_ACTIVE_ARCH = YES;
				SDKROOT = iphoneos;
				SWIFT_ACTIVE_COMPILATION_CONDITIONS = DEBUG;
				SWIFT_OPTIMIZATION_LEVEL = "-Onone";
			};
			name = Debug;
		};
		04B4AC6D29D5FBA1005480CE /* Release */ = {
			isa = XCBuildConfiguration;
			buildSettings = {
				ALWAYS_SEARCH_USER_PATHS = NO;
				CLANG_ANALYZER_NONNULL = YES;
				CLANG_ANALYZER_NUMBER_OBJECT_CONVERSION = YES_AGGRESSIVE;
				CLANG_CXX_LANGUAGE_STANDARD = "gnu++20";
				CLANG_ENABLE_MODULES = YES;
				CLANG_ENABLE_OBJC_ARC = YES;
				CLANG_ENABLE_OBJC_WEAK = YES;
				CLANG_WARN_BLOCK_CAPTURE_AUTORELEASING = YES;
				CLANG_WARN_BOOL_CONVERSION = YES;
				CLANG_WARN_COMMA = YES;
				CLANG_WARN_CONSTANT_CONVERSION = YES;
				CLANG_WARN_DEPRECATED_OBJC_IMPLEMENTATIONS = YES;
				CLANG_WARN_DIRECT_OBJC_ISA_USAGE = YES_ERROR;
				CLANG_WARN_DOCUMENTATION_COMMENTS = YES;
				CLANG_WARN_EMPTY_BODY = YES;
				CLANG_WARN_ENUM_CONVERSION = YES;
				CLANG_WARN_INFINITE_RECURSION = YES;
				CLANG_WARN_INT_CONVERSION = YES;
				CLANG_WARN_NON_LITERAL_NULL_CONVERSION = YES;
				CLANG_WARN_OBJC_IMPLICIT_RETAIN_SELF = YES;
				CLANG_WARN_OBJC_LITERAL_CONVERSION = YES;
				CLANG_WARN_OBJC_ROOT_CLASS = YES_ERROR;
				CLANG_WARN_QUOTED_INCLUDE_IN_FRAMEWORK_HEADER = YES;
				CLANG_WARN_RANGE_LOOP_ANALYSIS = YES;
				CLANG_WARN_STRICT_PROTOTYPES = YES;
				CLANG_WARN_SUSPICIOUS_MOVE = YES;
				CLANG_WARN_UNGUARDED_AVAILABILITY = YES_AGGRESSIVE;
				CLANG_WARN_UNREACHABLE_CODE = YES;
				CLANG_WARN__DUPLICATE_METHOD_MATCH = YES;
				COPY_PHASE_STRIP = NO;
				DEBUG_INFORMATION_FORMAT = "dwarf-with-dsym";
				ENABLE_NS_ASSERTIONS = NO;
				ENABLE_STRICT_OBJC_MSGSEND = YES;
				GCC_C_LANGUAGE_STANDARD = gnu11;
				GCC_NO_COMMON_BLOCKS = YES;
				GCC_WARN_64_TO_32_BIT_CONVERSION = YES;
				GCC_WARN_ABOUT_RETURN_TYPE = YES_ERROR;
				GCC_WARN_UNDECLARED_SELECTOR = YES;
				GCC_WARN_UNINITIALIZED_AUTOS = YES_AGGRESSIVE;
				GCC_WARN_UNUSED_FUNCTION = YES;
				GCC_WARN_UNUSED_VARIABLE = YES;
				IPHONEOS_DEPLOYMENT_TARGET = 16.2;
				MTL_ENABLE_DEBUG_INFO = NO;
				MTL_FAST_MATH = YES;
				SDKROOT = iphoneos;
				SWIFT_COMPILATION_MODE = wholemodule;
				SWIFT_OPTIMIZATION_LEVEL = "-O";
				VALIDATE_PRODUCT = YES;
			};
			name = Release;
		};
		04B4AC6F29D5FBA1005480CE /* Debug */ = {
			isa = XCBuildConfiguration;
			buildSettings = {
				ASSETCATALOG_COMPILER_APPICON_NAME = AppIcon;
				ASSETCATALOG_COMPILER_GLOBAL_ACCENT_COLOR_NAME = AccentColor;
				CODE_SIGN_STYLE = Automatic;
				CURRENT_PROJECT_VERSION = 1;
				DEVELOPMENT_TEAM = 6GFHGKUPH7;
				GENERATE_INFOPLIST_FILE = YES;
				INFOPLIST_FILE = AnalysisDZ/Info.plist;
				INFOPLIST_KEY_UIApplicationSupportsIndirectInputEvents = YES;
				INFOPLIST_KEY_UILaunchStoryboardName = LaunchScreen;
				INFOPLIST_KEY_UISupportedInterfaceOrientations_iPad = "UIInterfaceOrientationPortrait UIInterfaceOrientationPortraitUpsideDown UIInterfaceOrientationLandscapeLeft UIInterfaceOrientationLandscapeRight";
				INFOPLIST_KEY_UISupportedInterfaceOrientations_iPhone = "UIInterfaceOrientationPortrait UIInterfaceOrientationLandscapeLeft UIInterfaceOrientationLandscapeRight";
				LD_RUNPATH_SEARCH_PATHS = (
					"$(inherited)",
					"@executable_path/Frameworks",
				);
				MARKETING_VERSION = 1.0;
				PRODUCT_BUNDLE_IDENTIFIER = mfc.AnalysisDZ;
				PRODUCT_NAME = "$(TARGET_NAME)";
				SWIFT_EMIT_LOC_STRINGS = YES;
				SWIFT_VERSION = 5.0;
				TARGETED_DEVICE_FAMILY = "1,2";
			};
			name = Debug;
		};
		04B4AC7029D5FBA1005480CE /* Release */ = {
			isa = XCBuildConfiguration;
			buildSettings = {
				ASSETCATALOG_COMPILER_APPICON_NAME = AppIcon;
				ASSETCATALOG_COMPILER_GLOBAL_ACCENT_COLOR_NAME = AccentColor;
				CODE_SIGN_STYLE = Automatic;
				CURRENT_PROJECT_VERSION = 1;
				DEVELOPMENT_TEAM = 6GFHGKUPH7;
				GENERATE_INFOPLIST_FILE = YES;
				INFOPLIST_FILE = AnalysisDZ/Info.plist;
				INFOPLIST_KEY_UIApplicationSupportsIndirectInputEvents = YES;
				INFOPLIST_KEY_UILaunchStoryboardName = LaunchScreen;
				INFOPLIST_KEY_UISupportedInterfaceOrientations_iPad = "UIInterfaceOrientationPortrait UIInterfaceOrientationPortraitUpsideDown UIInterfaceOrientationLandscapeLeft UIInterfaceOrientationLandscapeRight";
				INFOPLIST_KEY_UISupportedInterfaceOrientations_iPhone = "UIInterfaceOrientationPortrait UIInterfaceOrientationLandscapeLeft UIInterfaceOrientationLandscapeRight";
				LD_RUNPATH_SEARCH_PATHS = (
					"$(inherited)",
					"@executable_path/Frameworks",
				);
				MARKETING_VERSION = 1.0;
				PRODUCT_BUNDLE_IDENTIFIER = mfc.AnalysisDZ;
				PRODUCT_NAME = "$(TARGET_NAME)";
				SWIFT_EMIT_LOC_STRINGS = YES;
				SWIFT_VERSION = 5.0;
				TARGETED_DEVICE_FAMILY = "1,2";
			};
			name = Release;
		};
/* End XCBuildConfiguration section */

/* Begin XCConfigurationList section */
		04B4AC5529D5FBA0005480CE /* Build configuration list for PBXProject "AnalysisDZ" */ = {
			isa = XCConfigurationList;
			buildConfigurations = (
				04B4AC6C29D5FBA1005480CE /* Debug */,
				04B4AC6D29D5FBA1005480CE /* Release */,
			);
			defaultConfigurationIsVisible = 0;
			defaultConfigurationName = Release;
		};
		04B4AC6E29D5FBA1005480CE /* Build configuration list for PBXNativeTarget "AnalysisDZ" */ = {
			isa = XCConfigurationList;
			buildConfigurations = (
				04B4AC6F29D5FBA1005480CE /* Debug */,
				04B4AC7029D5FBA1005480CE /* Release */,
			);
			defaultConfigurationIsVisible = 0;
			defaultConfigurationName = Release;
		};
/* End XCConfigurationList section */
	};
	rootObject = 04B4AC5229D5FB9F005480CE /* Project object */;
}
